// !$*UTF8*$!
{
	archiveVersion = 1;
	classes = {
	};
	objectVersion = 56;
	objects = {

/* Begin PBXBuildFile section */
		B13719002AF0935200297EC2 /* DetailViewController.swift in Sources */ = {isa = PBXBuildFile; fileRef = B13718FF2AF0935200297EC2 /* DetailViewController.swift */; };
		B13719022AF0A43100297EC2 /* WeatherDetails.swift in Sources */ = {isa = PBXBuildFile; fileRef = B13719012AF0A43100297EC2 /* WeatherDetails.swift */; };
		B13719042AF165CB00297EC2 /* WeatherPresenter.swift in Sources */ = {isa = PBXBuildFile; fileRef = B13719032AF165CB00297EC2 /* WeatherPresenter.swift */; };
		B13719062AF1690E00297EC2 /* WeatherDetailsPresenter.swift in Sources */ = {isa = PBXBuildFile; fileRef = B13719052AF1690E00297EC2 /* WeatherDetailsPresenter.swift */; };
		B13719122AF16B7400297EC2 /* WeatherDetailsProtocols.swift in Sources */ = {isa = PBXBuildFile; fileRef = B13719112AF16B7400297EC2 /* WeatherDetailsProtocols.swift */; };
		B1ADD8C82AE2F304002F2395 /* AppDelegate.swift in Sources */ = {isa = PBXBuildFile; fileRef = B1ADD8C72AE2F304002F2395 /* AppDelegate.swift */; };
		B1ADD8CA2AE2F304002F2395 /* SceneDelegate.swift in Sources */ = {isa = PBXBuildFile; fileRef = B1ADD8C92AE2F304002F2395 /* SceneDelegate.swift */; };
		B1ADD8CC2AE2F304002F2395 /* WeatherViewController.swift in Sources */ = {isa = PBXBuildFile; fileRef = B1ADD8CB2AE2F304002F2395 /* WeatherViewController.swift */; };
		B1ADD8CF2AE2F304002F2395 /* Main.storyboard in Resources */ = {isa = PBXBuildFile; fileRef = B1ADD8CD2AE2F304002F2395 /* Main.storyboard */; };
		B1ADD8D12AE2F305002F2395 /* Assets.xcassets in Resources */ = {isa = PBXBuildFile; fileRef = B1ADD8D02AE2F305002F2395 /* Assets.xcassets */; };
		B1ADD8D42AE2F305002F2395 /* LaunchScreen.storyboard in Resources */ = {isa = PBXBuildFile; fileRef = B1ADD8D22AE2F305002F2395 /* LaunchScreen.storyboard */; };
		B1ADD8DD2AE2F4D2002F2395 /* Protocols.swift in Sources */ = {isa = PBXBuildFile; fileRef = B1ADD8DC2AE2F4D2002F2395 /* Protocols.swift */; };
		B1ADD8DF2AE2F55D002F2395 /* OpenWeather.swift in Sources */ = {isa = PBXBuildFile; fileRef = B1ADD8DE2AE2F55D002F2395 /* OpenWeather.swift */; };
		B1ADD8E12AE2F7C9002F2395 /* WeatherAPI.swift in Sources */ = {isa = PBXBuildFile; fileRef = B1ADD8E02AE2F7C9002F2395 /* WeatherAPI.swift */; };
		B1ADD8E32AE305CC002F2395 /* SearchResultModel.swift in Sources */ = {isa = PBXBuildFile; fileRef = B1ADD8E22AE305CC002F2395 /* SearchResultModel.swift */; };
/* End PBXBuildFile section */

/* Begin PBXFileReference section */
		B13718FF2AF0935200297EC2 /* DetailViewController.swift */ = {isa = PBXFileReference; lastKnownFileType = sourcecode.swift; path = DetailViewController.swift; sourceTree = "<group>"; };
		B13719012AF0A43100297EC2 /* WeatherDetails.swift */ = {isa = PBXFileReference; lastKnownFileType = sourcecode.swift; path = WeatherDetails.swift; sourceTree = "<group>"; };
		B13719032AF165CB00297EC2 /* WeatherPresenter.swift */ = {isa = PBXFileReference; lastKnownFileType = sourcecode.swift; path = WeatherPresenter.swift; sourceTree = "<group>"; };
		B13719052AF1690E00297EC2 /* WeatherDetailsPresenter.swift */ = {isa = PBXFileReference; lastKnownFileType = sourcecode.swift; path = WeatherDetailsPresenter.swift; sourceTree = "<group>"; };
		B13719112AF16B7400297EC2 /* WeatherDetailsProtocols.swift */ = {isa = PBXFileReference; lastKnownFileType = sourcecode.swift; path = WeatherDetailsProtocols.swift; sourceTree = "<group>"; };
		B1ADD8C42AE2F304002F2395 /* WeatherTest.app */ = {isa = PBXFileReference; explicitFileType = wrapper.application; includeInIndex = 0; path = WeatherTest.app; sourceTree = BUILT_PRODUCTS_DIR; };
		B1ADD8C72AE2F304002F2395 /* AppDelegate.swift */ = {isa = PBXFileReference; lastKnownFileType = sourcecode.swift; path = AppDelegate.swift; sourceTree = "<group>"; };
		B1ADD8C92AE2F304002F2395 /* SceneDelegate.swift */ = {isa = PBXFileReference; lastKnownFileType = sourcecode.swift; path = SceneDelegate.swift; sourceTree = "<group>"; };
		B1ADD8CB2AE2F304002F2395 /* WeatherViewController.swift */ = {isa = PBXFileReference; lastKnownFileType = sourcecode.swift; path = WeatherViewController.swift; sourceTree = "<group>"; };
		B1ADD8CE2AE2F304002F2395 /* Base */ = {isa = PBXFileReference; lastKnownFileType = file.storyboard; name = Base; path = Base.lproj/Main.storyboard; sourceTree = "<group>"; };
		B1ADD8D02AE2F305002F2395 /* Assets.xcassets */ = {isa = PBXFileReference; lastKnownFileType = folder.assetcatalog; path = Assets.xcassets; sourceTree = "<group>"; };
		B1ADD8D32AE2F305002F2395 /* Base */ = {isa = PBXFileReference; lastKnownFileType = file.storyboard; name = Base; path = Base.lproj/LaunchScreen.storyboard; sourceTree = "<group>"; };
		B1ADD8D52AE2F305002F2395 /* Info.plist */ = {isa = PBXFileReference; lastKnownFileType = text.plist.xml; path = Info.plist; sourceTree = "<group>"; };
		B1ADD8DC2AE2F4D2002F2395 /* Protocols.swift */ = {isa = PBXFileReference; lastKnownFileType = sourcecode.swift; path = Protocols.swift; sourceTree = "<group>"; };
		B1ADD8DE2AE2F55D002F2395 /* OpenWeather.swift */ = {isa = PBXFileReference; lastKnownFileType = sourcecode.swift; path = OpenWeather.swift; sourceTree = "<group>"; };
		B1ADD8E02AE2F7C9002F2395 /* WeatherAPI.swift */ = {isa = PBXFileReference; lastKnownFileType = sourcecode.swift; path = WeatherAPI.swift; sourceTree = "<group>"; };
		B1ADD8E22AE305CC002F2395 /* SearchResultModel.swift */ = {isa = PBXFileReference; lastKnownFileType = sourcecode.swift; path = SearchResultModel.swift; sourceTree = "<group>"; };
/* End PBXFileReference section */

/* Begin PBXFrameworksBuildPhase section */
		B1ADD8C12AE2F304002F2395 /* Frameworks */ = {
			isa = PBXFrameworksBuildPhase;
			buildActionMask = 2147483647;
			files = (
			);
			runOnlyForDeploymentPostprocessing = 0;
		};
/* End PBXFrameworksBuildPhase section */

/* Begin PBXGroup section */
		B13719072AF16AEA00297EC2 /* SearchViewController */ = {
			isa = PBXGroup;
			children = (
				B13719142AF16B9900297EC2 /* Protocols */,
				B13719102AF16B5700297EC2 /* Model */,
				B13719092AF16B0600297EC2 /* View */,
				B13719082AF16AFC00297EC2 /* Presenter */,
			);
			path = SearchViewController;
			sourceTree = "<group>";
		};
		B13719082AF16AFC00297EC2 /* Presenter */ = {
			isa = PBXGroup;
			children = (
				B13719032AF165CB00297EC2 /* WeatherPresenter.swift */,
			);
			path = Presenter;
			sourceTree = "<group>";
		};
		B13719092AF16B0600297EC2 /* View */ = {
			isa = PBXGroup;
			children = (
				B1ADD8CB2AE2F304002F2395 /* WeatherViewController.swift */,
			);
			path = View;
			sourceTree = "<group>";
		};
		B137190B2AF16B1700297EC2 /* WeatherDetails */ = {
			isa = PBXGroup;
			children = (
				B13719132AF16B8D00297EC2 /* Protocols */,
				B137190F2AF16B4B00297EC2 /* Model */,
				B137190D2AF16B2A00297EC2 /* Presenter */,
				B137190C2AF16B2000297EC2 /* View */,
			);
			path = WeatherDetails;
			sourceTree = "<group>";
		};
		B137190C2AF16B2000297EC2 /* View */ = {
			isa = PBXGroup;
			children = (
				B13718FF2AF0935200297EC2 /* DetailViewController.swift */,
			);
			path = View;
			sourceTree = "<group>";
		};
		B137190D2AF16B2A00297EC2 /* Presenter */ = {
			isa = PBXGroup;
			children = (
				B13719052AF1690E00297EC2 /* WeatherDetailsPresenter.swift */,
			);
			path = Presenter;
			sourceTree = "<group>";
		};
		B137190E2AF16B3600297EC2 /* API */ = {
			isa = PBXGroup;
			children = (
				B1ADD8DE2AE2F55D002F2395 /* OpenWeather.swift */,
				B1ADD8E02AE2F7C9002F2395 /* WeatherAPI.swift */,
			);
			path = API;
			sourceTree = "<group>";
		};
		B137190F2AF16B4B00297EC2 /* Model */ = {
			isa = PBXGroup;
			children = (
				B13719012AF0A43100297EC2 /* WeatherDetails.swift */,
			);
			path = Model;
			sourceTree = "<group>";
		};
		B13719102AF16B5700297EC2 /* Model */ = {
			isa = PBXGroup;
			children = (
				B1ADD8E22AE305CC002F2395 /* SearchResultModel.swift */,
			);
			path = Model;
			sourceTree = "<group>";
		};
		B13719132AF16B8D00297EC2 /* Protocols */ = {
			isa = PBXGroup;
			children = (
				B13719112AF16B7400297EC2 /* WeatherDetailsProtocols.swift */,
			);
			path = Protocols;
			sourceTree = "<group>";
		};
		B13719142AF16B9900297EC2 /* Protocols */ = {
			isa = PBXGroup;
			children = (
				B1ADD8DC2AE2F4D2002F2395 /* Protocols.swift */,
			);
			path = Protocols;
			sourceTree = "<group>";
		};
		B1ADD8BB2AE2F304002F2395 = {
			isa = PBXGroup;
			children = (
				B1ADD8C62AE2F304002F2395 /* WeatherTest */,
				B1ADD8C52AE2F304002F2395 /* Products */,
			);
			sourceTree = "<group>";
		};
		B1ADD8C52AE2F304002F2395 /* Products */ = {
			isa = PBXGroup;
			children = (
				B1ADD8C42AE2F304002F2395 /* WeatherTest.app */,
			);
			name = Products;
			sourceTree = "<group>";
		};
		B1ADD8C62AE2F304002F2395 /* WeatherTest */ = {
			isa = PBXGroup;
			children = (
				B137190E2AF16B3600297EC2 /* API */,
				B137190B2AF16B1700297EC2 /* WeatherDetails */,
				B13719072AF16AEA00297EC2 /* SearchViewController */,
				B1ADD8C72AE2F304002F2395 /* AppDelegate.swift */,
				B1ADD8C92AE2F304002F2395 /* SceneDelegate.swift */,
				B1ADD8CD2AE2F304002F2395 /* Main.storyboard */,
				B1ADD8D02AE2F305002F2395 /* Assets.xcassets */,
				B1ADD8D22AE2F305002F2395 /* LaunchScreen.storyboard */,
				B1ADD8D52AE2F305002F2395 /* Info.plist */,
			);
			path = WeatherTest;
			sourceTree = "<group>";
		};
/* End PBXGroup section */

/* Begin PBXNativeTarget section */
		B1ADD8C32AE2F304002F2395 /* WeatherTest */ = {
			isa = PBXNativeTarget;
			buildConfigurationList = B1ADD8D82AE2F305002F2395 /* Build configuration list for PBXNativeTarget "WeatherTest" */;
			buildPhases = (
				B1ADD8C02AE2F304002F2395 /* Sources */,
				B1ADD8C12AE2F304002F2395 /* Frameworks */,
				B1ADD8C22AE2F304002F2395 /* Resources */,
			);
			buildRules = (
			);
			dependencies = (
			);
			name = WeatherTest;
			productName = WeatherTest;
			productReference = B1ADD8C42AE2F304002F2395 /* WeatherTest.app */;
			productType = "com.apple.product-type.application";
		};
/* End PBXNativeTarget section */

/* Begin PBXProject section */
		B1ADD8BC2AE2F304002F2395 /* Project object */ = {
			isa = PBXProject;
			attributes = {
				BuildIndependentTargetsInParallel = 1;
				LastSwiftUpdateCheck = 1430;
				LastUpgradeCheck = 1430;
				TargetAttributes = {
					B1ADD8C32AE2F304002F2395 = {
						CreatedOnToolsVersion = 14.3.1;
					};
				};
			};
			buildConfigurationList = B1ADD8BF2AE2F304002F2395 /* Build configuration list for PBXProject "WeatherTest" */;
			compatibilityVersion = "Xcode 14.0";
			developmentRegion = en;
			hasScannedForEncodings = 0;
			knownRegions = (
				en,
				Base,
			);
			mainGroup = B1ADD8BB2AE2F304002F2395;
			productRefGroup = B1ADD8C52AE2F304002F2395 /* Products */;
			projectDirPath = "";
			projectRoot = "";
			targets = (
				B1ADD8C32AE2F304002F2395 /* WeatherTest */,
			);
		};
/* End PBXProject section */

/* Begin PBXResourcesBuildPhase section */
		B1ADD8C22AE2F304002F2395 /* Resources */ = {
			isa = PBXResourcesBuildPhase;
			buildActionMask = 2147483647;
			files = (
				B1ADD8D42AE2F305002F2395 /* LaunchScreen.storyboard in Resources */,
				B1ADD8D12AE2F305002F2395 /* Assets.xcassets in Resources */,
				B1ADD8CF2AE2F304002F2395 /* Main.storyboard in Resources */,
			);
			runOnlyForDeploymentPostprocessing = 0;
		};
/* End PBXResourcesBuildPhase section */

/* Begin PBXSourcesBuildPhase section */
		B1ADD8C02AE2F304002F2395 /* Sources */ = {
			isa = PBXSourcesBuildPhase;
			buildActionMask = 2147483647;
			files = (
				B1ADD8CC2AE2F304002F2395 /* WeatherViewController.swift in Sources */,
				B1ADD8DF2AE2F55D002F2395 /* OpenWeather.swift in Sources */,
				B1ADD8C82AE2F304002F2395 /* AppDelegate.swift in Sources */,
				B13719122AF16B7400297EC2 /* WeatherDetailsProtocols.swift in Sources */,
				B13719022AF0A43100297EC2 /* WeatherDetails.swift in Sources */,
				B13719062AF1690E00297EC2 /* WeatherDetailsPresenter.swift in Sources */,
				B1ADD8E32AE305CC002F2395 /* SearchResultModel.swift in Sources */,
				B13719042AF165CB00297EC2 /* WeatherPresenter.swift in Sources */,
				B1ADD8E12AE2F7C9002F2395 /* WeatherAPI.swift in Sources */,
				B1ADD8CA2AE2F304002F2395 /* SceneDelegate.swift in Sources */,
				B1ADD8DD2AE2F4D2002F2395 /* Protocols.swift in Sources */,
				B13719002AF0935200297EC2 /* DetailViewController.swift in Sources */,
			);
			runOnlyForDeploymentPostprocessing = 0;
		};
/* End PBXSourcesBuildPhase section */

/* Begin PBXVariantGroup section */
		B1ADD8CD2AE2F304002F2395 /* Main.storyboard */ = {
			isa = PBXVariantGroup;
			children = (
				B1ADD8CE2AE2F304002F2395 /* Base */,
			);
			name = Main.storyboard;
			sourceTree = "<group>";
		};
		B1ADD8D22AE2F305002F2395 /* LaunchScreen.storyboard */ = {
			isa = PBXVariantGroup;
			children = (
				B1ADD8D32AE2F305002F2395 /* Base */,
			);
			name = LaunchScreen.storyboard;
			sourceTree = "<group>";
		};
/* End PBXVariantGroup section */

/* Begin XCBuildConfiguration section */
		B1ADD8D62AE2F305002F2395 /* Debug */ = {
			isa = XCBuildConfiguration;
			buildSettings = {
				ALWAYS_SEARCH_USER_PATHS = NO;
				CLANG_ANALYZER_NONNULL = YES;
				CLANG_ANALYZER_NUMBER_OBJECT_CONVERSION = YES_AGGRESSIVE;
				CLANG_CXX_LANGUAGE_STANDARD = "gnu++20";
				CLANG_ENABLE_MODULES = YES;
				CLANG_ENABLE_OBJC_ARC = YES;
				CLANG_ENABLE_OBJC_WEAK = YES;
				CLANG_WARN_BLOCK_CAPTURE_AUTORELEASING = YES;
				CLANG_WARN_BOOL_CONVERSION = YES;
				CLANG_WARN_COMMA = YES;
				CLANG_WARN_CONSTANT_CONVERSION = YES;
				CLANG_WARN_DEPRECATED_OBJC_IMPLEMENTATIONS = YES;
				CLANG_WARN_DIRECT_OBJC_ISA_USAGE = YES_ERROR;
				CLANG_WARN_DOCUMENTATION_COMMENTS = YES;
				CLANG_WARN_EMPTY_BODY = YES;
				CLANG_WARN_ENUM_CONVERSION = YES;
				CLANG_WARN_INFINITE_RECURSION = YES;
				CLANG_WARN_INT_CONVERSION = YES;
				CLANG_WARN_NON_LITERAL_NULL_CONVERSION = YES;
				CLANG_WARN_OBJC_IMPLICIT_RETAIN_SELF = YES;
				CLANG_WARN_OBJC_LITERAL_CONVERSION = YES;
				CLANG_WARN_OBJC_ROOT_CLASS = YES_ERROR;
				CLANG_WARN_QUOTED_INCLUDE_IN_FRAMEWORK_HEADER = YES;
				CLANG_WARN_RANGE_LOOP_ANALYSIS = YES;
				CLANG_WARN_STRICT_PROTOTYPES = YES;
				CLANG_WARN_SUSPICIOUS_MOVE = YES;
				CLANG_WARN_UNGUARDED_AVAILABILITY = YES_AGGRESSIVE;
				CLANG_WARN_UNREACHABLE_CODE = YES;
				CLANG_WARN__DUPLICATE_METHOD_MATCH = YES;
				COPY_PHASE_STRIP = NO;
				DEBUG_INFORMATION_FORMAT = dwarf;
				ENABLE_STRICT_OBJC_MSGSEND = YES;
				ENABLE_TESTABILITY = YES;
				GCC_C_LANGUAGE_STANDARD = gnu11;
				GCC_DYNAMIC_NO_PIC = NO;
				GCC_NO_COMMON_BLOCKS = YES;
				GCC_OPTIMIZATION_LEVEL = 0;
				GCC_PREPROCESSOR_DEFINITIONS = (
					"DEBUG=1",
					"$(inherited)",
				);
				GCC_WARN_64_TO_32_BIT_CONVERSION = YES;
				GCC_WARN_ABOUT_RETURN_TYPE = YES_ERROR;
				GCC_WARN_UNDECLARED_SELECTOR = YES;
				GCC_WARN_UNINITIALIZED_AUTOS = YES_AGGRESSIVE;
				GCC_WARN_UNUSED_FUNCTION = YES;
				GCC_WARN_UNUSED_VARIABLE = YES;
				IPHONEOS_DEPLOYMENT_TARGET = 16.4;
				MTL_ENABLE_DEBUG_INFO = INCLUDE_SOURCE;
				MTL_FAST_MATH = YES;
				ONLY_ACTIVE_ARCH = YES;
				SDKROOT = iphoneos;
				SWIFT_ACTIVE_COMPILATION_CONDITIONS = DEBUG;
				SWIFT_OPTIMIZATION_LEVEL = "-Onone";
			};
			name = Debug;
		};
		B1ADD8D72AE2F305002F2395 /* Release */ = {
			isa = XCBuildConfiguration;
			buildSettings = {
				ALWAYS_SEARCH_USER_PATHS = NO;
				CLANG_ANALYZER_NONNULL = YES;
				CLANG_ANALYZER_NUMBER_OBJECT_CONVERSION = YES_AGGRESSIVE;
				CLANG_CXX_LANGUAGE_STANDARD = "gnu++20";
				CLANG_ENABLE_MODULES = YES;
				CLANG_ENABLE_OBJC_ARC = YES;
				CLANG_ENABLE_OBJC_WEAK = YES;
				CLANG_WARN_BLOCK_CAPTURE_AUTORELEASING = YES;
				CLANG_WARN_BOOL_CONVERSION = YES;
				CLANG_WARN_COMMA = YES;
				CLANG_WARN_CONSTANT_CONVERSION = YES;
				CLANG_WARN_DEPRECATED_OBJC_IMPLEMENTATIONS = YES;
				CLANG_WARN_DIRECT_OBJC_ISA_USAGE = YES_ERROR;
				CLANG_WARN_DOCUMENTATION_COMMENTS = YES;
				CLANG_WARN_EMPTY_BODY = YES;
				CLANG_WARN_ENUM_CONVERSION = YES;
				CLANG_WARN_INFINITE_RECURSION = YES;
				CLANG_WARN_INT_CONVERSION = YES;
				CLANG_WARN_NON_LITERAL_NULL_CONVERSION = YES;
				CLANG_WARN_OBJC_IMPLICIT_RETAIN_SELF = YES;
				CLANG_WARN_OBJC_LITERAL_CONVERSION = YES;
				CLANG_WARN_OBJC_ROOT_CLASS = YES_ERROR;
				CLANG_WARN_QUOTED_INCLUDE_IN_FRAMEWORK_HEADER = YES;
				CLANG_WARN_RANGE_LOOP_ANALYSIS = YES;
				CLANG_WARN_STRICT_PROTOTYPES = YES;
				CLANG_WARN_SUSPICIOUS_MOVE = YES;
				CLANG_WARN_UNGUARDED_AVAILABILITY = YES_AGGRESSIVE;
				CLANG_WARN_UNREACHABLE_CODE = YES;
				CLANG_WARN__DUPLICATE_METHOD_MATCH = YES;
				COPY_PHASE_STRIP = NO;
				DEBUG_INFORMATION_FORMAT = "dwarf-with-dsym";
				ENABLE_NS_ASSERTIONS = NO;
				ENABLE_STRICT_OBJC_MSGSEND = YES;
				GCC_C_LANGUAGE_STANDARD = gnu11;
				GCC_NO_COMMON_BLOCKS = YES;
				GCC_WARN_64_TO_32_BIT_CONVERSION = YES;
				GCC_WARN_ABOUT_RETURN_TYPE = YES_ERROR;
				GCC_WARN_UNDECLARED_SELECTOR = YES;
				GCC_WARN_UNINITIALIZED_AUTOS = YES_AGGRESSIVE;
				GCC_WARN_UNUSED_FUNCTION = YES;
				GCC_WARN_UNUSED_VARIABLE = YES;
				IPHONEOS_DEPLOYMENT_TARGET = 16.4;
				MTL_ENABLE_DEBUG_INFO = NO;
				MTL_FAST_MATH = YES;
				SDKROOT = iphoneos;
				SWIFT_COMPILATION_MODE = wholemodule;
				SWIFT_OPTIMIZATION_LEVEL = "-O";
				VALIDATE_PRODUCT = YES;
			};
			name = Release;
		};
		B1ADD8D92AE2F305002F2395 /* Debug */ = {
			isa = XCBuildConfiguration;
			buildSettings = {
				ASSETCATALOG_COMPILER_APPICON_NAME = AppIcon;
				ASSETCATALOG_COMPILER_GLOBAL_ACCENT_COLOR_NAME = AccentColor;
				CODE_SIGN_STYLE = Automatic;
				CURRENT_PROJECT_VERSION = 1;
				DEVELOPMENT_TEAM = 45B6VZ3YQD;
				GENERATE_INFOPLIST_FILE = YES;
				INFOPLIST_FILE = WeatherTest/Info.plist;
				INFOPLIST_KEY_UIApplicationSupportsIndirectInputEvents = YES;
				INFOPLIST_KEY_UILaunchStoryboardName = LaunchScreen;
				INFOPLIST_KEY_UIMainStoryboardFile = Main;
				INFOPLIST_KEY_UISupportedInterfaceOrientations_iPad = "UIInterfaceOrientationPortrait UIInterfaceOrientationPortraitUpsideDown UIInterfaceOrientationLandscapeLeft UIInterfaceOrientationLandscapeRight";
				INFOPLIST_KEY_UISupportedInterfaceOrientations_iPhone = "UIInterfaceOrientationPortrait UIInterfaceOrientationLandscapeLeft UIInterfaceOrientationLandscapeRight";
				LD_RUNPATH_SEARCH_PATHS = (
					"$(inherited)",
					"@executable_path/Frameworks",
				);
				MARKETING_VERSION = 1.0;
				PRODUCT_BUNDLE_IDENTIFIER = org.personal.WeatherTest;
				PRODUCT_NAME = "$(TARGET_NAME)";
				SWIFT_EMIT_LOC_STRINGS = YES;
				SWIFT_VERSION = 5.0;
				TARGETED_DEVICE_FAMILY = "1,2";
			};
			name = Debug;
		};
		B1ADD8DA2AE2F305002F2395 /* Release */ = {
			isa = XCBuildConfiguration;
			buildSettings = {
				ASSETCATALOG_COMPILER_APPICON_NAME = AppIcon;
				ASSETCATALOG_COMPILER_GLOBAL_ACCENT_COLOR_NAME = AccentColor;
				CODE_SIGN_STYLE = Automatic;
				CURRENT_PROJECT_VERSION = 1;
				DEVELOPMENT_TEAM = 45B6VZ3YQD;
				GENERATE_INFOPLIST_FILE = YES;
				INFOPLIST_FILE = WeatherTest/Info.plist;
				INFOPLIST_KEY_UIApplicationSupportsIndirectInputEvents = YES;
				INFOPLIST_KEY_UILaunchStoryboardName = LaunchScreen;
				INFOPLIST_KEY_UIMainStoryboardFile = Main;
				INFOPLIST_KEY_UISupportedInterfaceOrientations_iPad = "UIInterfaceOrientationPortrait UIInterfaceOrientationPortraitUpsideDown UIInterfaceOrientationLandscapeLeft UIInterfaceOrientationLandscapeRight";
				INFOPLIST_KEY_UISupportedInterfaceOrientations_iPhone = "UIInterfaceOrientationPortrait UIInterfaceOrientationLandscapeLeft UIInterfaceOrientationLandscapeRight";
				LD_RUNPATH_SEARCH_PATHS = (
					"$(inherited)",
					"@executable_path/Frameworks",
				);
				MARKETING_VERSION = 1.0;
				PRODUCT_BUNDLE_IDENTIFIER = org.personal.WeatherTest;
				PRODUCT_NAME = "$(TARGET_NAME)";
				SWIFT_EMIT_LOC_STRINGS = YES;
				SWIFT_VERSION = 5.0;
				TARGETED_DEVICE_FAMILY = "1,2";
			};
			name = Release;
		};
/* End XCBuildConfiguration section */

/* Begin XCConfigurationList section */
		B1ADD8BF2AE2F304002F2395 /* Build configuration list for PBXProject "WeatherTest" */ = {
			isa = XCConfigurationList;
			buildConfigurations = (
				B1ADD8D62AE2F305002F2395 /* Debug */,
				B1ADD8D72AE2F305002F2395 /* Release */,
			);
			defaultConfigurationIsVisible = 0;
			defaultConfigurationName = Release;
		};
		B1ADD8D82AE2F305002F2395 /* Build configuration list for PBXNativeTarget "WeatherTest" */ = {
			isa = XCConfigurationList;
			buildConfigurations = (
				B1ADD8D92AE2F305002F2395 /* Debug */,
				B1ADD8DA2AE2F305002F2395 /* Release */,
			);
			defaultConfigurationIsVisible = 0;
			defaultConfigurationName = Release;
		};
/* End XCConfigurationList section */
	};
	rootObject = B1ADD8BC2AE2F304002F2395 /* Project object */;
}
